
Microsoft Visual Studio Solution File, Format Version 12.00
# Visual Studio 14
VisualStudioVersion = 14.0.25420.1
MinimumVisualStudioVersion = 10.0.40219.1
Project("{FAE04EC0-301F-11D3-BF4B-00C04F79EFBC}") = "PRI.GeneratedCodeAssembly", "PRI.GeneratedCodeAssembly\PRI.GeneratedCodeAssembly.csproj", "{7AF9D6CB-F6EE-471E-9ED0-3C0661067716}"
EndProject
Project("{FAE04EC0-301F-11D3-BF4B-00C04F79EFBC}") = "PRI.GeneratedCodeAssembly.Tests", "PRI.GeneratedCodeAssembly.Tests\PRI.GeneratedCodeAssembly.Tests.csproj", "{78008DB5-DD81-4AAD-800A-CD26E69BB15D}"
EndProject
Project("{FAE04EC0-301F-11D3-BF4B-00C04F79EFBC}") = "PRI.GeneratedCodeAssembly.Interfaces", "PRI.GeneratedCodeAssembly.Interfaces\PRI.GeneratedCodeAssembly.Interfaces.csproj", "{CE3F340E-EA0A-4CE3-B947-8FCFC617BF3D}"
EndProject
Project("{2150E333-8FDC-42A3-9474-1A3956D46DE8}") = "Solution Items", "Solution Items", "{F603A1CD-5056-4AAA-9861-82C687E2145E}"
	ProjectSection(SolutionItems) = preProject
		.editorconfig = .editorconfig
		.gitattributes = .gitattributes
		.gitignore = .gitignore
		LICENSE = LICENSE
		README.md = README.md
	EndProjectSection
EndProject
Global
	GlobalSection(SolutionConfigurationPlatforms) = preSolution
		Debug|Any CPU = Debug|Any CPU
		Release|Any CPU = Release|Any CPU
	EndGlobalSection
	GlobalSection(ProjectConfigurationPlatforms) = postSolution
		{7AF9D6CB-F6EE-471E-9ED0-3C0661067716}.Debug|Any CPU.ActiveCfg = Debug|Any CPU
		{7AF9D6CB-F6EE-471E-9ED0-3C0661067716}.Debug|Any CPU.Build.0 = Debug|Any CPU
		{7AF9D6CB-F6EE-471E-9ED0-3C0661067716}.Release|Any CPU.ActiveCfg = Release|Any CPU
		{7AF9D6CB-F6EE-471E-9ED0-3C0661067716}.Release|Any CPU.Build.0 = Release|Any CPU
		{78008DB5-DD81-4AAD-800A-CD26E69BB15D}.Debug|Any CPU.ActiveCfg = Debug|Any CPU
		{78008DB5-DD81-4AAD-800A-CD26E69BB15D}.Debug|Any CPU.Build.0 = Debug|Any CPU
		{78008DB5-DD81-4AAD-800A-CD26E69BB15D}.Release|Any CPU.ActiveCfg = Release|Any CPU
		{78008DB5-DD81-4AAD-800A-CD26E69BB15D}.Release|Any CPU.Build.0 = Release|Any CPU
		{CE3F340E-EA0A-4CE3-B947-8FCFC617BF3D}.Debug|Any CPU.ActiveCfg = Debug|Any CPU
		{CE3F340E-EA0A-4CE3-B947-8FCFC617BF3D}.Debug|Any CPU.Build.0 = Debug|Any CPU
		{CE3F340E-EA0A-4CE3-B947-8FCFC617BF3D}.Release|Any CPU.ActiveCfg = Release|Any CPU
		{CE3F340E-EA0A-4CE3-B947-8FCFC617BF3D}.Release|Any CPU.Build.0 = Release|Any CPU
	EndGlobalSection
	GlobalSection(SolutionProperties) = preSolution
		HideSolutionNode = FALSE
	EndGlobalSection
EndGlobal
